
Microsoft Visual Studio Solution File, Format Version 12.00
# Visual Studio Version 17
VisualStudioVersion = 17.9.34902.65
MinimumVisualStudioVersion = 10.0.40219.1
Project("{FAE04EC0-301F-11D3-BF4B-00C04F79EFBC}") = "lab6", "lab6.csproj", "{A7F555FD-5B52-4986-B055-A7379BDFE11B}"
EndProject
Global
	GlobalSection(SolutionConfigurationPlatforms) = preSolution
		Debug|Any CPU = Debug|Any CPU
		Release|Any CPU = Release|Any CPU
	EndGlobalSection
	GlobalSection(ProjectConfigurationPlatforms) = postSolution
		{A7F555FD-5B52-4986-B055-A7379BDFE11B}.Debug|Any CPU.ActiveCfg = Debug|Any CPU
		{A7F555FD-5B52-4986-B055-A7379BDFE11B}.Debug|Any CPU.Build.0 = Debug|Any CPU
		{A7F555FD-5B52-4986-B055-A7379BDFE11B}.Release|Any CPU.ActiveCfg = Release|Any CPU
		{A7F555FD-5B52-4986-B055-A7379BDFE11B}.Release|Any CPU.Build.0 = Release|Any CPU
	EndGlobalSection
	GlobalSection(SolutionProperties) = preSolution
		HideSolutionNode = FALSE
	EndGlobalSection
	GlobalSection(ExtensibilityGlobals) = postSolution
		SolutionGuid = {FAC88213-E2CD-434E-9E96-7DFEDA500298}
	EndGlobalSection
EndGlobal
